# THIS IS AN AUTOGENERATED FILE. DO NOT EDIT THIS FILE DIRECTLY.
# yarn lockfile v1


"@rbxts/compiler-types@^1.2.7-types.1":
  "integrity" "sha512-zr3QIJDgLN2dyPYSy4QwDRiZDm8BwQeUE8tsglPDgbVLJonaK7+PAqb1hoqZJ3ReQdZUElSKru9yAfI1Z0MOug=="
  "resolved" "https://registry.npmjs.org/@rbxts/compiler-types/-/compiler-types-1.2.7-types.1.tgz"
  "version" "1.2.7-types.1"

"@rbxts/services@^1.2.0":
  "integrity" "sha512-GEnAGgRz/oFEfBCjr+UChO7D49c/l+Wgr2OHMkURBKbVAqGg7hVQbEs9PUr+9BuVx/8OlsqZ/cvrUYbwAyd60A=="
  "resolved" "https://registry.npmjs.org/@rbxts/services/-/services-1.2.0.tgz"
  "version" "1.2.0"

"@rbxts/testez@^0.3.1-ts.7":
  "integrity" "sha512-DkIlRFdMODHjJPEYJT/cPYv2ZQzSqAufF4XAsqrx7zFg8OVAkSHY5aGChGoPNrZo0PM4zz9bw46ZIVqLfcM05Q=="
  "resolved" "https://registry.npmjs.org/@rbxts/testez/-/testez-0.3.1-ts.7.tgz"
  "version" "0.3.1-ts.7"

"@rbxts/types@^1.0.556":
  "integrity" "sha512-PiesJOLhgE0MFd46lfnBaBEm56ZBPVQEQf6re2vOqisYN9v1GuZkRJe4qzL25Xbq+3lyThSWY3xeIQ9dcHJ4gw=="
  "resolved" "https://registry.npmjs.org/@rbxts/types/-/types-1.0.556.tgz"
  "version" "1.0.556"
